
Microsoft Visual Studio Solution File, Format Version 12.00
# Visual Studio Version 16
VisualStudioVersion = 16.0.31410.357
MinimumVisualStudioVersion = 10.0.40219.1
Project("{8BC9CEB8-8B4A-11D0-8D11-00A0C91BC942}") = "TrabalhofinalAed1", "TrabalhofinalAed1\TrabalhofinalAed1.vcxproj", "{25D7C8C4-79D1-44CB-B2DB-8A6D4D9BD796}"
EndProject
Global
	GlobalSection(SolutionConfigurationPlatforms) = preSolution
		Debug|x64 = Debug|x64
		Debug|x86 = Debug|x86
		Release|x64 = Release|x64
		Release|x86 = Release|x86
	EndGlobalSection
	GlobalSection(ProjectConfigurationPlatforms) = postSolution
		{25D7C8C4-79D1-44CB-B2DB-8A6D4D9BD796}.Debug|x64.ActiveCfg = Debug|x64
		{25D7C8C4-79D1-44CB-B2DB-8A6D4D9BD796}.Debug|x64.Build.0 = Debug|x64
		{25D7C8C4-79D1-44CB-B2DB-8A6D4D9BD796}.Debug|x86.ActiveCfg = Debug|Win32
		{25D7C8C4-79D1-44CB-B2DB-8A6D4D9BD796}.Debug|x86.Build.0 = Debug|Win32
		{25D7C8C4-79D1-44CB-B2DB-8A6D4D9BD796}.Release|x64.ActiveCfg = Release|x64
		{25D7C8C4-79D1-44CB-B2DB-8A6D4D9BD796}.Release|x64.Build.0 = Release|x64
		{25D7C8C4-79D1-44CB-B2DB-8A6D4D9BD796}.Release|x86.ActiveCfg = Release|Win32
		{25D7C8C4-79D1-44CB-B2DB-8A6D4D9BD796}.Release|x86.Build.0 = Release|Win32
	EndGlobalSection
	GlobalSection(SolutionProperties) = preSolution
		HideSolutionNode = FALSE
	EndGlobalSection
	GlobalSection(ExtensibilityGlobals) = postSolution
		SolutionGuid = {6D027F06-C0BA-4ED4-BBF1-E31991E1848C}
	EndGlobalSection
EndGlobal
